{
  "name": "tank",
  "version": "1.0.0",
  "lockfileVersion": 1,
  "requires": true,
  "dependencies": {
    "dat.gui": {
      "version": "0.7.7",
      "resolved": "https://registry.npmjs.org/dat.gui/-/dat.gui-0.7.7.tgz",
      "integrity": "sha512-sRl/28gF/XRC5ywC9I4zriATTsQcpSsRG7seXCPnTkK8/EQMIbCu5NPMpICLGxX9ZEUvcXR3ArLYCtgreFoMDw=="
    },
    "three-orbitcontrols": {
      "version": "2.110.3",
      "resolved": "https://registry.npmjs.org/three-orbitcontrols/-/three-orbitcontrols-2.110.3.tgz",
      "integrity": "sha512-BNNbksJwbN3/MmT0X/gjz5ZCchm7bjk26SUdtJYRxfEYjDfkb/0PeUTHE/KuyJ5vb/owK3mojyy3vcqDx99sRA=="
    }
  }
}
